{
  "version": 4,
  "terraform_version": "1.9.8",
  "serial": 2191,
  "lineage": "e081f5f1-d7b3-5b6b-31ff-e3cbacedad98",
  "outputs": {},
  "resources": [
    {
      "module": "module.ACM_Module",
      "mode": "managed",
      "type": "aws_acm_certificate",
      "name": "cert",
      "provider": "provider[\"registry.terraform.io/hashicorp/aws\"]",
      "instances": [
        {
          "schema_version": 0,
          "attributes": {
            "arn": "arn:aws:acm:eu-central-1:060795902685:certificate/8b258b1f-c97c-4594-bd13-4585a2165275",
            "certificate_authority_arn": "",
            "certificate_body": null,
            "certificate_chain": null,
            "domain_name": "*.theyoussef.online",
            "domain_validation_options": [
              {
                "domain_name": "*.theyoussef.online",
                "resource_record_name": "_6a03f5bbf2373edc8fbb747fa025a25c.theyoussef.online.",
                "resource_record_type": "CNAME",
                "resource_record_value": "_650b4343f67a507dcf3a4c715b236aa8.zfyfvmchrl.acm-validations.aws."
              }
            ],
            "early_renewal_duration": "",
            "id": "arn:aws:acm:eu-central-1:060795902685:certificate/8b258b1f-c97c-4594-bd13-4585a2165275",
            "key_algorithm": "RSA_2048",
            "not_after": "",
            "not_before": "",
            "options": [
              {
                "certificate_transparency_logging_preference": "ENABLED"
              }
            ],
            "pending_renewal": false,
            "private_key": null,
            "renewal_eligibility": "INELIGIBLE",
            "renewal_summary": [],
            "status": "PENDING_VALIDATION",
            "subject_alternative_names": [
              "*.theyoussef.online"
            ],
            "tags": null,
            "tags_all": {},
            "type": "AMAZON_ISSUED",
            "validation_emails": [],
            "validation_method": "DNS",
            "validation_option": []
          },
          "sensitive_attributes": [
            [
              {
                "type": "get_attr",
                "value": "private_key"
              }
            ]
          ],
          "private": "bnVsbA=="
        }
      ]
    },
    {
      "module": "module.ACM_Module",
      "mode": "managed",
      "type": "aws_route53_record",
      "name": "cert_validation_record",
      "provider": "provider[\"registry.terraform.io/hashicorp/aws\"]",
      "instances": [
        {
          "index_key": "*.theyoussef.online",
          "schema_version": 2,
          "attributes": {
            "alias": [],
            "allow_overwrite": true,
            "cidr_routing_policy": [],
            "failover_routing_policy": [],
            "fqdn": "_6a03f5bbf2373edc8fbb747fa025a25c.theyoussef.online",
            "geolocation_routing_policy": [],
            "geoproximity_routing_policy": [],
            "health_check_id": "",
            "id": "Z0264991XLQ0BC8G7AGN__6a03f5bbf2373edc8fbb747fa025a25c.theyoussef.online._CNAME",
            "latency_routing_policy": [],
            "multivalue_answer_routing_policy": false,
            "name": "_6a03f5bbf2373edc8fbb747fa025a25c.theyoussef.online",
            "records": [
              "_650b4343f67a507dcf3a4c715b236aa8.zfyfvmchrl.acm-validations.aws."
            ],
            "set_identifier": "",
            "ttl": 300,
            "type": "CNAME",
            "weighted_routing_policy": [],
            "zone_id": "Z0264991XLQ0BC8G7AGN"
          },
          "sensitive_attributes": [],
          "private": "eyJzY2hlbWFfdmVyc2lvbiI6IjIifQ==",
          "dependencies": [
            "module.ACM_Module.aws_acm_certificate.cert",
            "module.route53_Module.data.aws_route53_zone.main"
          ]
        }
      ]
    },
    {
      "module": "module.API_GW_Module",
      "mode": "managed",
      "type": "aws_api_gateway_deployment",
      "name": "deployment",
      "provider": "provider[\"registry.terraform.io/hashicorp/aws\"]",
      "instances": [
        {
          "schema_version": 0,
          "attributes": {
            "canary_settings": [],
            "created_date": "2025-01-06T17:12:13Z",
            "description": "",
            "execution_arn": "arn:aws:execute-api:eu-central-1:060795902685:1v9zsfhsji/prod",
            "id": "j4i8p3",
            "invoke_url": "https://1v9zsfhsji.execute-api.eu-central-1.amazonaws.com/prod",
            "rest_api_id": "1v9zsfhsji",
            "stage_description": null,
            "stage_name": "prod",
            "triggers": null,
            "variables": null
          },
          "sensitive_attributes": [],
          "private": "bnVsbA==",
          "dependencies": [
            "module.API_GW_Module.aws_api_gateway_integration.get_integration",
            "module.API_GW_Module.aws_api_gateway_integration.post_integration",
            "module.API_GW_Module.aws_api_gateway_integration_response.get_integration_response",
            "module.API_GW_Module.aws_api_gateway_integration_response.post_integration_response",
            "module.API_GW_Module.aws_api_gateway_method.get_method",
            "module.API_GW_Module.aws_api_gateway_method.post_method",
            "module.API_GW_Module.aws_api_gateway_method_response.get_response",
            "module.API_GW_Module.aws_api_gateway_method_response.post_response",
            "module.API_GW_Module.aws_api_gateway_rest_api.api",
            "module.Lambda_Functions_Module.aws_iam_role.lambda_role",
            "module.Lambda_Functions_Module.aws_lambda_function.get_student_data",
            "module.Lambda_Functions_Module.aws_lambda_function.insert_student_data"
          ]
        }
      ]
    },
    {
      "module": "module.API_GW_Module",
      "mode": "managed",
      "type": "aws_api_gateway_integration",
      "name": "get_integration",
      "provider": "provider[\"registry.terraform.io/hashicorp/aws\"]",
      "instances": [
        {
          "schema_version": 0,
          "attributes": {
            "cache_key_parameters": null,
            "cache_namespace": "eoy36zj0hk",
            "connection_id": "",
            "connection_type": "INTERNET",
            "content_handling": "",
            "credentials": "",
            "http_method": "GET",
            "id": "agi-1v9zsfhsji-eoy36zj0hk-GET",
            "integration_http_method": "POST",
            "passthrough_behavior": "WHEN_NO_MATCH",
            "request_parameters": null,
            "request_templates": null,
            "resource_id": "eoy36zj0hk",
            "rest_api_id": "1v9zsfhsji",
            "timeout_milliseconds": 29000,
            "tls_config": [],
            "type": "AWS",
            "uri": "arn:aws:apigateway:eu-central-1:lambda:path/2015-03-31/functions/arn:aws:lambda:eu-central-1:060795902685:function:GetStudentData/invocations"
          },
          "sensitive_attributes": [],
          "private": "bnVsbA==",
          "dependencies": [
            "module.API_GW_Module.aws_api_gateway_method.get_method",
            "module.API_GW_Module.aws_api_gateway_rest_api.api",
            "module.Lambda_Functions_Module.aws_iam_role.lambda_role",
            "module.Lambda_Functions_Module.aws_lambda_function.get_student_data"
          ]
        }
      ]
    },
    {
      "module": "module.API_GW_Module",
      "mode": "managed",
      "type": "aws_api_gateway_integration",
      "name": "post_integration",
      "provider": "provider[\"registry.terraform.io/hashicorp/aws\"]",
      "instances": [
        {
          "schema_version": 0,
          "attributes": {
            "cache_key_parameters": null,
            "cache_namespace": "eoy36zj0hk",
            "connection_id": "",
            "connection_type": "INTERNET",
            "content_handling": "",
            "credentials": "",
            "http_method": "POST",
            "id": "agi-1v9zsfhsji-eoy36zj0hk-POST",
            "integration_http_method": "POST",
            "passthrough_behavior": "WHEN_NO_MATCH",
            "request_parameters": null,
            "request_templates": null,
            "resource_id": "eoy36zj0hk",
            "rest_api_id": "1v9zsfhsji",
            "timeout_milliseconds": 29000,
            "tls_config": [],
            "type": "AWS",
            "uri": "arn:aws:apigateway:eu-central-1:lambda:path/2015-03-31/functions/arn:aws:lambda:eu-central-1:060795902685:function:InsertStudentData/invocations"
          },
          "sensitive_attributes": [],
          "private": "bnVsbA==",
          "dependencies": [
            "module.API_GW_Module.aws_api_gateway_integration.get_integration",
            "module.API_GW_Module.aws_api_gateway_integration_response.get_integration_response",
            "module.API_GW_Module.aws_api_gateway_method.get_method",
            "module.API_GW_Module.aws_api_gateway_method.post_method",
            "module.API_GW_Module.aws_api_gateway_method_response.get_response",
            "module.API_GW_Module.aws_api_gateway_rest_api.api",
            "module.Lambda_Functions_Module.aws_iam_role.lambda_role",
            "module.Lambda_Functions_Module.aws_lambda_function.get_student_data",
            "module.Lambda_Functions_Module.aws_lambda_function.insert_student_data"
          ]
        }
      ]
    },
    {
      "module": "module.API_GW_Module",
      "mode": "managed",
      "type": "aws_api_gateway_integration_response",
      "name": "get_integration_response",
      "provider": "provider[\"registry.terraform.io/hashicorp/aws\"]",
      "instances": [
        {
          "schema_version": 0,
          "attributes": {
            "content_handling": "",
            "http_method": "GET",
            "id": "agir-1v9zsfhsji-eoy36zj0hk-GET-200",
            "resource_id": "eoy36zj0hk",
            "response_parameters": null,
            "response_templates": null,
            "rest_api_id": "1v9zsfhsji",
            "selection_pattern": "",
            "status_code": "200"
          },
          "sensitive_attributes": [],
          "private": "bnVsbA==",
          "dependencies": [
            "module.API_GW_Module.aws_api_gateway_integration.get_integration",
            "module.API_GW_Module.aws_api_gateway_method.get_method",
            "module.API_GW_Module.aws_api_gateway_method_response.get_response",
            "module.API_GW_Module.aws_api_gateway_rest_api.api",
            "module.Lambda_Functions_Module.aws_iam_role.lambda_role",
            "module.Lambda_Functions_Module.aws_lambda_function.get_student_data"
          ]
        }
      ]
    },
    {
      "module": "module.API_GW_Module",
      "mode": "managed",
      "type": "aws_api_gateway_integration_response",
      "name": "post_integration_response",
      "provider": "provider[\"registry.terraform.io/hashicorp/aws\"]",
      "instances": [
        {
          "schema_version": 0,
          "attributes": {
            "content_handling": "",
            "http_method": "POST",
            "id": "agir-1v9zsfhsji-eoy36zj0hk-POST-200",
            "resource_id": "eoy36zj0hk",
            "response_parameters": null,
            "response_templates": null,
            "rest_api_id": "1v9zsfhsji",
            "selection_pattern": "",
            "status_code": "200"
          },
          "sensitive_attributes": [],
          "private": "bnVsbA==",
          "dependencies": [
            "module.API_GW_Module.aws_api_gateway_integration.get_integration",
            "module.API_GW_Module.aws_api_gateway_integration.post_integration",
            "module.API_GW_Module.aws_api_gateway_integration_response.get_integration_response",
            "module.API_GW_Module.aws_api_gateway_method.get_method",
            "module.API_GW_Module.aws_api_gateway_method.post_method",
            "module.API_GW_Module.aws_api_gateway_method_response.get_response",
            "module.API_GW_Module.aws_api_gateway_method_response.post_response",
            "module.API_GW_Module.aws_api_gateway_rest_api.api",
            "module.Lambda_Functions_Module.aws_iam_role.lambda_role",
            "module.Lambda_Functions_Module.aws_lambda_function.get_student_data",
            "module.Lambda_Functions_Module.aws_lambda_function.insert_student_data"
          ]
        }
      ]
    },
    {
      "module": "module.API_GW_Module",
      "mode": "managed",
      "type": "aws_api_gateway_method",
      "name": "get_method",
      "provider": "provider[\"registry.terraform.io/hashicorp/aws\"]",
      "instances": [
        {
          "schema_version": 0,
          "attributes": {
            "api_key_required": false,
            "authorization": "NONE",
            "authorization_scopes": null,
            "authorizer_id": null,
            "http_method": "GET",
            "id": "agm-1v9zsfhsji-eoy36zj0hk-GET",
            "operation_name": null,
            "request_models": null,
            "request_parameters": null,
            "request_validator_id": null,
            "resource_id": "eoy36zj0hk",
            "rest_api_id": "1v9zsfhsji"
          },
          "sensitive_attributes": [],
          "private": "bnVsbA==",
          "dependencies": [
            "module.API_GW_Module.aws_api_gateway_rest_api.api"
          ]
        }
      ]
    },
    {
      "module": "module.API_GW_Module",
      "mode": "managed",
      "type": "aws_api_gateway_method",
      "name": "post_method",
      "provider": "provider[\"registry.terraform.io/hashicorp/aws\"]",
      "instances": [
        {
          "schema_version": 0,
          "attributes": {
            "api_key_required": false,
            "authorization": "NONE",
            "authorization_scopes": null,
            "authorizer_id": null,
            "http_method": "POST",
            "id": "agm-1v9zsfhsji-eoy36zj0hk-POST",
            "operation_name": null,
            "request_models": null,
            "request_parameters": null,
            "request_validator_id": null,
            "resource_id": "eoy36zj0hk",
            "rest_api_id": "1v9zsfhsji"
          },
          "sensitive_attributes": [],
          "private": "bnVsbA==",
          "dependencies": [
            "module.API_GW_Module.aws_api_gateway_integration.get_integration",
            "module.API_GW_Module.aws_api_gateway_integration_response.get_integration_response",
            "module.API_GW_Module.aws_api_gateway_method.get_method",
            "module.API_GW_Module.aws_api_gateway_method_response.get_response",
            "module.API_GW_Module.aws_api_gateway_rest_api.api",
            "module.Lambda_Functions_Module.aws_iam_role.lambda_role",
            "module.Lambda_Functions_Module.aws_lambda_function.get_student_data"
          ]
        }
      ]
    },
    {
      "module": "module.API_GW_Module",
      "mode": "managed",
      "type": "aws_api_gateway_method_response",
      "name": "get_response",
      "provider": "provider[\"registry.terraform.io/hashicorp/aws\"]",
      "instances": [
        {
          "schema_version": 0,
          "attributes": {
            "http_method": "GET",
            "id": "agmr-1v9zsfhsji-eoy36zj0hk-GET-200",
            "resource_id": "eoy36zj0hk",
            "response_models": {
              "application/json": "Empty"
            },
            "response_parameters": null,
            "rest_api_id": "1v9zsfhsji",
            "status_code": "200"
          },
          "sensitive_attributes": [],
          "private": "bnVsbA==",
          "dependencies": [
            "module.API_GW_Module.aws_api_gateway_integration.get_integration",
            "module.API_GW_Module.aws_api_gateway_method.get_method",
            "module.API_GW_Module.aws_api_gateway_rest_api.api",
            "module.Lambda_Functions_Module.aws_iam_role.lambda_role",
            "module.Lambda_Functions_Module.aws_lambda_function.get_student_data"
          ]
        }
      ]
    },
    {
      "module": "module.API_GW_Module",
      "mode": "managed",
      "type": "aws_api_gateway_method_response",
      "name": "post_response",
      "provider": "provider[\"registry.terraform.io/hashicorp/aws\"]",
      "instances": [
        {
          "schema_version": 0,
          "attributes": {
            "http_method": "POST",
            "id": "agmr-1v9zsfhsji-eoy36zj0hk-POST-200",
            "resource_id": "eoy36zj0hk",
            "response_models": {
              "application/json": "Empty"
            },
            "response_parameters": null,
            "rest_api_id": "1v9zsfhsji",
            "status_code": "200"
          },
          "sensitive_attributes": [],
          "private": "bnVsbA==",
          "dependencies": [
            "module.API_GW_Module.aws_api_gateway_integration.get_integration",
            "module.API_GW_Module.aws_api_gateway_integration.post_integration",
            "module.API_GW_Module.aws_api_gateway_integration_response.get_integration_response",
            "module.API_GW_Module.aws_api_gateway_method.get_method",
            "module.API_GW_Module.aws_api_gateway_method.post_method",
            "module.API_GW_Module.aws_api_gateway_method_response.get_response",
            "module.API_GW_Module.aws_api_gateway_rest_api.api",
            "module.Lambda_Functions_Module.aws_iam_role.lambda_role",
            "module.Lambda_Functions_Module.aws_lambda_function.get_student_data",
            "module.Lambda_Functions_Module.aws_lambda_function.insert_student_data"
          ]
        }
      ]
    },
    {
      "module": "module.API_GW_Module",
      "mode": "managed",
      "type": "aws_api_gateway_rest_api",
      "name": "api",
      "provider": "provider[\"registry.terraform.io/hashicorp/aws\"]",
      "instances": [
        {
          "schema_version": 0,
          "attributes": {
            "api_key_source": "HEADER",
            "arn": "arn:aws:apigateway:eu-central-1::/restapis/1v9zsfhsji",
            "binary_media_types": [],
            "body": null,
            "created_date": "2025-01-06T17:11:53Z",
            "description": "API for student data management",
            "disable_execute_api_endpoint": false,
            "endpoint_configuration": [
              {
                "types": [
                  "EDGE"
                ],
                "vpc_endpoint_ids": []
              }
            ],
            "execution_arn": "arn:aws:execute-api:eu-central-1:060795902685:1v9zsfhsji",
            "fail_on_warnings": null,
            "id": "1v9zsfhsji",
            "minimum_compression_size": "",
            "name": "StudentAPI",
            "parameters": null,
            "policy": "",
            "put_rest_api_mode": null,
            "root_resource_id": "eoy36zj0hk",
            "tags": null,
            "tags_all": {}
          },
          "sensitive_attributes": [],
          "private": "bnVsbA=="
        }
      ]
    },
    {
      "module": "module.API_GW_Module",
      "mode": "managed",
      "type": "aws_lambda_permission",
      "name": "allow_get_invoke",
      "provider": "provider[\"registry.terraform.io/hashicorp/aws\"]",
      "instances": [
        {
          "schema_version": 0,
          "attributes": {
            "action": "lambda:InvokeFunction",
            "event_source_token": null,
            "function_name": "GetStudentData",
            "function_url_auth_type": null,
            "id": "AllowGetInvoke",
            "principal": "apigateway.amazonaws.com",
            "principal_org_id": null,
            "qualifier": "",
            "source_account": null,
            "source_arn": "arn:aws:execute-api:eu-central-1:060795902685:1v9zsfhsji/*/*",
            "statement_id": "AllowGetInvoke",
            "statement_id_prefix": ""
          },
          "sensitive_attributes": [],
          "private": "bnVsbA==",
          "dependencies": [
            "module.API_GW_Module.aws_api_gateway_rest_api.api",
            "module.Lambda_Functions_Module.aws_iam_role.lambda_role",
            "module.Lambda_Functions_Module.aws_lambda_function.get_student_data"
          ]
        }
      ]
    },
    {
      "module": "module.API_GW_Module",
      "mode": "managed",
      "type": "aws_lambda_permission",
      "name": "allow_post_invoke",
      "provider": "provider[\"registry.terraform.io/hashicorp/aws\"]",
      "instances": [
        {
          "schema_version": 0,
          "attributes": {
            "action": "lambda:InvokeFunction",
            "event_source_token": null,
            "function_name": "InsertStudentData",
            "function_url_auth_type": null,
            "id": "AllowPostInvoke",
            "principal": "apigateway.amazonaws.com",
            "principal_org_id": null,
            "qualifier": "",
            "source_account": null,
            "source_arn": "arn:aws:execute-api:eu-central-1:060795902685:1v9zsfhsji/*/*",
            "statement_id": "AllowPostInvoke",
            "statement_id_prefix": ""
          },
          "sensitive_attributes": [],
          "private": "bnVsbA==",
          "dependencies": [
            "module.API_GW_Module.aws_api_gateway_rest_api.api",
            "module.Lambda_Functions_Module.aws_iam_role.lambda_role",
            "module.Lambda_Functions_Module.aws_lambda_function.insert_student_data"
          ]
        }
      ]
    },
    {
      "module": "module.API_GW_Module",
      "mode": "managed",
      "type": "local_file",
      "name": "update_scripts_js",
      "provider": "provider[\"registry.terraform.io/hashicorp/local\"]",
      "instances": [
        {
          "schema_version": 0,
          "attributes": {
            "content": "  // Add your API endpoint here\nvar API_ENDPOINT = \"https://1v9zsfhsji.execute-api.eu-central-1.amazonaws.com/prod\";\n\n// AJAX POST request to save student data\ndocument.getElementById(\"savestudent\").onclick = function(){\n    var inputData = {\n        \"studentid\": $('#studentid').val(),\n        \"name\": $('#name').val(),\n        \"class\": $('#class').val(),\n        \"age\": $('#age').val()\n    };\n    $.ajax({\n        url: API_ENDPOINT,\n        type: 'POST',\n        data:  JSON.stringify(inputData),\n        contentType: 'application/json; charset=utf-8',\n        success: function (response) {\n            document.getElementById(\"studentSaved\").innerHTML = \"Student Data Saved!\";\n        },\n        error: function () {\n            alert(\"Error saving student data.\");\n        }\n    });\n}\n\n// AJAX GET request to retrieve all students\ndocument.getElementById(\"getstudents\").onclick = function(){  \n    $.ajax({\n        url: API_ENDPOINT,\n        type: 'GET',\n        contentType: 'application/json; charset=utf-8',\n        success: function (response) {\n            $('#studentTable tr').slice(1).remove();\n            jQuery.each(response, function(i, data) {          \n                $(\"#studentTable\").append(\"\u003ctr\u003e \\\n                    \u003ctd\u003e\" + data['studentid'] + \"\u003c/td\u003e \\\n                    \u003ctd\u003e\" + data['name'] + \"\u003c/td\u003e \\\n                    \u003ctd\u003e\" + data['class'] + \"\u003c/td\u003e \\\n                    \u003ctd\u003e\" + data['age'] + \"\u003c/td\u003e \\\n                    \u003c/tr\u003e\");\n            });\n        },\n        error: function () {\n            alert(\"Error retrieving student data.\");\n        }\n    });\n}\n  \n  \n",
            "content_base64": null,
            "content_base64sha256": "+JeG7nQDrV7ICgEJiOWhKnIiu4ptXIy3s6/g7OmYBKQ=",
            "content_base64sha512": "0Jxg2eBlHObXRTVwvZmTVaqJU/+Fv/HI5AuXK6QiDRMTUhRsQolaFtHLUvM/kuJCTna49JWuKq/2vYHYfsePhg==",
            "content_md5": "345e56badbfc634d855ce01e55c9cb42",
            "content_sha1": "8147a060602c372f2c9d81e248febc781d0a05a6",
            "content_sha256": "f89786ee7403ad5ec80a010988e5a12a7222bb8a6d5c8cb7b3afe0ece99804a4",
            "content_sha512": "d09c60d9e0651ce6d7453570bd999355aa8953ff85bff1c8e40b972ba4220d131352146c42895a16d1cb52f33f92e2424e76b8f495ae2aaff6bd81d87ec78f86",
            "directory_permission": "0777",
            "file_permission": "0777",
            "filename": "/home/youssef/serverless_application/scripts.js",
            "id": "8147a060602c372f2c9d81e248febc781d0a05a6",
            "sensitive_content": null,
            "source": null
          },
          "sensitive_attributes": [
            [
              {
                "type": "get_attr",
                "value": "sensitive_content"
              }
            ]
          ],
          "dependencies": [
            "module.API_GW_Module.aws_api_gateway_rest_api.api"
          ]
        }
      ]
    },
    {
      "module": "module.Dynamodb_Module",
      "mode": "managed",
      "type": "aws_dynamodb_table",
      "name": "table",
      "provider": "provider[\"registry.terraform.io/hashicorp/aws\"]",
      "instances": [
        {
          "schema_version": 1,
          "attributes": {
            "arn": "arn:aws:dynamodb:eu-central-1:060795902685:table/studentData",
            "attribute": [
              {
                "name": "studentid",
                "type": "S"
              }
            ],
            "billing_mode": "PAY_PER_REQUEST",
            "deletion_protection_enabled": false,
            "global_secondary_index": [],
            "hash_key": "studentid",
            "id": "studentData",
            "import_table": [],
            "local_secondary_index": [],
            "name": "studentData",
            "on_demand_throughput": [],
            "point_in_time_recovery": [
              {
                "enabled": false
              }
            ],
            "range_key": null,
            "read_capacity": 0,
            "replica": [],
            "restore_date_time": null,
            "restore_source_name": null,
            "restore_source_table_arn": null,
            "restore_to_latest_time": null,
            "server_side_encryption": [],
            "stream_arn": "",
            "stream_enabled": false,
            "stream_label": "",
            "stream_view_type": "",
            "table_class": "STANDARD",
            "tags": {
              "Environment": "Development",
              "Project": "ServerlessApp"
            },
            "tags_all": {
              "Environment": "Development",
              "Project": "ServerlessApp"
            },
            "timeouts": null,
            "ttl": [
              {
                "attribute_name": "",
                "enabled": false
              }
            ],
            "write_capacity": 0
          },
          "sensitive_attributes": [],
          "private": "eyJlMmJmYjczMC1lY2FhLTExZTYtOGY4OC0zNDM2M2JjN2M0YzAiOnsiY3JlYXRlIjoxODAwMDAwMDAwMDAwLCJkZWxldGUiOjYwMDAwMDAwMDAwMCwidXBkYXRlIjozNjAwMDAwMDAwMDAwfSwic2NoZW1hX3ZlcnNpb24iOiIxIn0="
        }
      ]
    },
    {
      "module": "module.Lambda_Functions_Module",
      "mode": "managed",
      "type": "aws_iam_policy_attachment",
      "name": "lambda_dynamodb_policy",
      "provider": "provider[\"registry.terraform.io/hashicorp/aws\"]",
      "instances": [
        {
          "schema_version": 0,
          "attributes": {
            "groups": null,
            "id": "lambda_dynamodb_full_access_attachment",
            "name": "lambda_dynamodb_full_access_attachment",
            "policy_arn": "arn:aws:iam::aws:policy/AmazonDynamoDBFullAccess",
            "roles": [
              "lambda_dynamodb_full_access_role"
            ],
            "users": null
          },
          "sensitive_attributes": [],
          "private": "bnVsbA==",
          "dependencies": [
            "module.Lambda_Functions_Module.aws_iam_role.lambda_role"
          ]
        }
      ]
    },
    {
      "module": "module.Lambda_Functions_Module",
      "mode": "managed",
      "type": "aws_iam_role",
      "name": "lambda_role",
      "provider": "provider[\"registry.terraform.io/hashicorp/aws\"]",
      "instances": [
        {
          "schema_version": 0,
          "attributes": {
            "arn": "arn:aws:iam::060795902685:role/lambda_dynamodb_full_access_role",
            "assume_role_policy": "{\"Statement\":[{\"Action\":\"sts:AssumeRole\",\"Effect\":\"Allow\",\"Principal\":{\"Service\":\"lambda.amazonaws.com\"}}],\"Version\":\"2012-10-17\"}",
            "create_date": "2025-01-06T17:11:53Z",
            "description": "",
            "force_detach_policies": false,
            "id": "lambda_dynamodb_full_access_role",
            "inline_policy": [],
            "managed_policy_arns": [],
            "max_session_duration": 3600,
            "name": "lambda_dynamodb_full_access_role",
            "name_prefix": "",
            "path": "/",
            "permissions_boundary": "",
            "tags": null,
            "tags_all": {},
            "unique_id": "AROAQ4J5X3LOXYRDVNZJK"
          },
          "sensitive_attributes": [],
          "private": "bnVsbA=="
        }
      ]
    },
    {
      "module": "module.Lambda_Functions_Module",
      "mode": "managed",
      "type": "aws_iam_role_policy_attachment",
      "name": "lambda_basic",
      "provider": "provider[\"registry.terraform.io/hashicorp/aws\"]",
      "instances": [
        {
          "schema_version": 0,
          "attributes": {
            "id": "lambda_dynamodb_full_access_role-20250106171155480500000002",
            "policy_arn": "arn:aws:iam::aws:policy/service-role/AWSLambdaBasicExecutionRole",
            "role": "lambda_dynamodb_full_access_role"
          },
          "sensitive_attributes": [],
          "private": "bnVsbA==",
          "dependencies": [
            "module.Lambda_Functions_Module.aws_iam_role.lambda_role"
          ]
        }
      ]
    },
    {
      "module": "module.Lambda_Functions_Module",
      "mode": "managed",
      "type": "aws_lambda_function",
      "name": "get_student_data",
      "provider": "provider[\"registry.terraform.io/hashicorp/aws\"]",
      "instances": [
        {
          "schema_version": 0,
          "attributes": {
            "architectures": [
              "x86_64"
            ],
            "arn": "arn:aws:lambda:eu-central-1:060795902685:function:GetStudentData",
            "code_sha256": "tsTr1Crl/c/mfmJohbmz3jSMuiC9qsVOvlOBWxJDrIA=",
            "code_signing_config_arn": "",
            "dead_letter_config": [],
            "description": "",
            "environment": [],
            "ephemeral_storage": [
              {
                "size": 512
              }
            ],
            "file_system_config": [],
            "filename": "/home/youssef/serverless_application/lambda_functions/GetStudentData.py.zip",
            "function_name": "GetStudentData",
            "handler": "GetStudentData.lambda_handler",
            "id": "GetStudentData",
            "image_config": [],
            "image_uri": "",
            "invoke_arn": "arn:aws:apigateway:eu-central-1:lambda:path/2015-03-31/functions/arn:aws:lambda:eu-central-1:060795902685:function:GetStudentData/invocations",
            "kms_key_arn": "",
            "last_modified": "2025-01-06T17:11:59.915+0000",
            "layers": null,
            "logging_config": [
              {
                "application_log_level": "",
                "log_format": "Text",
                "log_group": "/aws/lambda/GetStudentData",
                "system_log_level": ""
              }
            ],
            "memory_size": 128,
            "package_type": "Zip",
            "publish": false,
            "qualified_arn": "arn:aws:lambda:eu-central-1:060795902685:function:GetStudentData:$LATEST",
            "qualified_invoke_arn": "arn:aws:apigateway:eu-central-1:lambda:path/2015-03-31/functions/arn:aws:lambda:eu-central-1:060795902685:function:GetStudentData:$LATEST/invocations",
            "replace_security_groups_on_destroy": null,
            "replacement_security_group_ids": null,
            "reserved_concurrent_executions": -1,
            "role": "arn:aws:iam::060795902685:role/lambda_dynamodb_full_access_role",
            "runtime": "python3.9",
            "s3_bucket": null,
            "s3_key": null,
            "s3_object_version": null,
            "signing_job_arn": "",
            "signing_profile_version_arn": "",
            "skip_destroy": false,
            "snap_start": [],
            "source_code_hash": "",
            "source_code_size": 535,
            "tags": null,
            "tags_all": {},
            "timeout": 10,
            "timeouts": null,
            "tracing_config": [
              {
                "mode": "PassThrough"
              }
            ],
            "version": "$LATEST",
            "vpc_config": []
          },
          "sensitive_attributes": [],
          "private": "eyJlMmJmYjczMC1lY2FhLTExZTYtOGY4OC0zNDM2M2JjN2M0YzAiOnsiY3JlYXRlIjo2MDAwMDAwMDAwMDAsImRlbGV0ZSI6NjAwMDAwMDAwMDAwLCJ1cGRhdGUiOjYwMDAwMDAwMDAwMH19",
          "dependencies": [
            "module.Lambda_Functions_Module.aws_iam_role.lambda_role"
          ]
        }
      ]
    },
    {
      "module": "module.Lambda_Functions_Module",
      "mode": "managed",
      "type": "aws_lambda_function",
      "name": "insert_student_data",
      "provider": "provider[\"registry.terraform.io/hashicorp/aws\"]",
      "instances": [
        {
          "schema_version": 0,
          "attributes": {
            "architectures": [
              "x86_64"
            ],
            "arn": "arn:aws:lambda:eu-central-1:060795902685:function:InsertStudentData",
            "code_sha256": "Ja16TgftEBtWIBHE3aGfKRTsC0q9WOGOiDeIrAPsktE=",
            "code_signing_config_arn": "",
            "dead_letter_config": [],
            "description": "",
            "environment": [],
            "ephemeral_storage": [
              {
                "size": 512
              }
            ],
            "file_system_config": [],
            "filename": "/home/youssef/serverless_application/lambda_functions/InsertStudentData.py.zip",
            "function_name": "InsertStudentData",
            "handler": "InsertStudentData.lambda_handler",
            "id": "InsertStudentData",
            "image_config": [],
            "image_uri": "",
            "invoke_arn": "arn:aws:apigateway:eu-central-1:lambda:path/2015-03-31/functions/arn:aws:lambda:eu-central-1:060795902685:function:InsertStudentData/invocations",
            "kms_key_arn": "",
            "last_modified": "2025-01-06T17:12:05.871+0000",
            "layers": null,
            "logging_config": [
              {
                "application_log_level": "",
                "log_format": "Text",
                "log_group": "/aws/lambda/InsertStudentData",
                "system_log_level": ""
              }
            ],
            "memory_size": 128,
            "package_type": "Zip",
            "publish": false,
            "qualified_arn": "arn:aws:lambda:eu-central-1:060795902685:function:InsertStudentData:$LATEST",
            "qualified_invoke_arn": "arn:aws:apigateway:eu-central-1:lambda:path/2015-03-31/functions/arn:aws:lambda:eu-central-1:060795902685:function:InsertStudentData:$LATEST/invocations",
            "replace_security_groups_on_destroy": null,
            "replacement_security_group_ids": null,
            "reserved_concurrent_executions": -1,
            "role": "arn:aws:iam::060795902685:role/lambda_dynamodb_full_access_role",
            "runtime": "python3.9",
            "s3_bucket": null,
            "s3_key": null,
            "s3_object_version": null,
            "signing_job_arn": "",
            "signing_profile_version_arn": "",
            "skip_destroy": false,
            "snap_start": [],
            "source_code_hash": "",
            "source_code_size": 654,
            "tags": null,
            "tags_all": {},
            "timeout": 10,
            "timeouts": null,
            "tracing_config": [
              {
                "mode": "PassThrough"
              }
            ],
            "version": "$LATEST",
            "vpc_config": []
          },
          "sensitive_attributes": [],
          "private": "eyJlMmJmYjczMC1lY2FhLTExZTYtOGY4OC0zNDM2M2JjN2M0YzAiOnsiY3JlYXRlIjo2MDAwMDAwMDAwMDAsImRlbGV0ZSI6NjAwMDAwMDAwMDAwLCJ1cGRhdGUiOjYwMDAwMDAwMDAwMH19",
          "dependencies": [
            "module.Lambda_Functions_Module.aws_iam_role.lambda_role"
          ]
        }
      ]
    },
    {
      "module": "module.cloudfront_Module",
      "mode": "managed",
      "type": "aws_cloudfront_origin_access_control",
      "name": "oac",
      "provider": "provider[\"registry.terraform.io/hashicorp/aws\"]",
      "instances": [
        {
          "schema_version": 0,
          "attributes": {
            "description": "Origin Access Control for bucket138",
            "etag": "ETVPDKIKX0DER",
            "id": "E38N8V8AI1K66O",
            "name": "bucket138-oac",
            "origin_access_control_origin_type": "s3",
            "signing_behavior": "always",
            "signing_protocol": "sigv4"
          },
          "sensitive_attributes": [],
          "private": "bnVsbA=="
        }
      ]
    },
    {
      "module": "module.route53_Module",
      "mode": "data",
      "type": "aws_route53_zone",
      "name": "main",
      "provider": "provider[\"registry.terraform.io/hashicorp/aws\"]",
      "instances": [
        {
          "schema_version": 0,
          "attributes": {
            "arn": "arn:aws:route53:::hostedzone/Z0264991XLQ0BC8G7AGN",
            "caller_reference": "aa89d8f7-d92b-447e-bb59-ab638cfc1d0c",
            "comment": "",
            "id": "Z0264991XLQ0BC8G7AGN",
            "linked_service_description": null,
            "linked_service_principal": null,
            "name": "theyoussef.online",
            "name_servers": [
              "ns-1114.awsdns-11.org",
              "ns-16.awsdns-02.com",
              "ns-1983.awsdns-55.co.uk",
              "ns-898.awsdns-48.net"
            ],
            "primary_name_server": "ns-1114.awsdns-11.org",
            "private_zone": false,
            "resource_record_set_count": 2,
            "tags": {},
            "vpc_id": null,
            "zone_id": "Z0264991XLQ0BC8G7AGN"
          },
          "sensitive_attributes": []
        }
      ]
    },
    {
      "module": "module.s3_Module",
      "mode": "managed",
      "type": "aws_s3_bucket",
      "name": "this",
      "provider": "provider[\"registry.terraform.io/hashicorp/aws\"]",
      "instances": [
        {
          "schema_version": 0,
          "attributes": {
            "acceleration_status": "",
            "acl": "private",
            "arn": "arn:aws:s3:::bucket138",
            "bucket": "bucket138",
            "bucket_domain_name": "bucket138.s3.amazonaws.com",
            "bucket_prefix": "",
            "bucket_regional_domain_name": "bucket138.s3.eu-central-1.amazonaws.com",
            "cors_rule": [],
            "force_destroy": false,
            "grant": [
              {
                "id": "3b4ca03a8626e12ac25a15f0fa3e0b1bd23e26796730487c012444f38c143b30",
                "permissions": [
                  "FULL_CONTROL"
                ],
                "type": "CanonicalUser",
                "uri": ""
              }
            ],
            "hosted_zone_id": "Z21DNDUVLTQW6Q",
            "id": "bucket138",
            "lifecycle_rule": [],
            "logging": [],
            "object_lock_configuration": [],
            "object_lock_enabled": false,
            "policy": "",
            "region": "eu-central-1",
            "replication_configuration": [],
            "request_payer": "BucketOwner",
            "server_side_encryption_configuration": [
              {
                "rule": [
                  {
                    "apply_server_side_encryption_by_default": [
                      {
                        "kms_master_key_id": "",
                        "sse_algorithm": "AES256"
                      }
                    ],
                    "bucket_key_enabled": false
                  }
                ]
              }
            ],
            "tags": null,
            "tags_all": {},
            "timeouts": null,
            "versioning": [
              {
                "enabled": false,
                "mfa_delete": false
              }
            ],
            "website": [
              {
                "error_document": "",
                "index_document": "index.html",
                "redirect_all_requests_to": "",
                "routing_rules": ""
              }
            ],
            "website_domain": "s3-website.eu-central-1.amazonaws.com",
            "website_endpoint": "bucket138.s3-website.eu-central-1.amazonaws.com"
          },
          "sensitive_attributes": [],
          "private": "eyJlMmJmYjczMC1lY2FhLTExZTYtOGY4OC0zNDM2M2JjN2M0YzAiOnsiY3JlYXRlIjoxMjAwMDAwMDAwMDAwLCJkZWxldGUiOjM2MDAwMDAwMDAwMDAsInJlYWQiOjEyMDAwMDAwMDAwMDAsInVwZGF0ZSI6MTIwMDAwMDAwMDAwMH19"
        }
      ]
    },
    {
      "module": "module.s3_Module",
      "mode": "managed",
      "type": "aws_s3_bucket_cors_configuration",
      "name": "example",
      "provider": "provider[\"registry.terraform.io/hashicorp/aws\"]",
      "instances": [
        {
          "schema_version": 0,
          "attributes": {
            "bucket": "bucket138",
            "cors_rule": [
              {
                "allowed_headers": [
                  "*"
                ],
                "allowed_methods": [
                  "DELETE",
                  "GET",
                  "HEAD",
                  "POST",
                  "PUT"
                ],
                "allowed_origins": [
                  "*"
                ],
                "expose_headers": [
                  "ETag"
                ],
                "id": "",
                "max_age_seconds": 3000
              }
            ],
            "expected_bucket_owner": "",
            "id": "bucket138"
          },
          "sensitive_attributes": [],
          "private": "bnVsbA==",
          "dependencies": [
            "module.s3_Module.aws_s3_bucket.this"
          ]
        }
      ]
    },
    {
      "module": "module.s3_Module",
      "mode": "managed",
      "type": "aws_s3_bucket_object",
      "name": "index",
      "provider": "provider[\"registry.terraform.io/hashicorp/aws\"]",
      "instances": [
        {
          "schema_version": 0,
          "attributes": {
            "acl": "private",
            "arn": "arn:aws:s3:::bucket138/index.html",
            "bucket": "bucket138",
            "bucket_key_enabled": false,
            "cache_control": "",
            "content": null,
            "content_base64": null,
            "content_disposition": "",
            "content_encoding": "",
            "content_language": "",
            "content_type": "text/html",
            "etag": "b9264f33316051917d7af959f5d501a4",
            "force_destroy": false,
            "id": "index.html",
            "key": "index.html",
            "kms_key_id": null,
            "metadata": null,
            "object_lock_legal_hold_status": "",
            "object_lock_mode": "",
            "object_lock_retain_until_date": "",
            "server_side_encryption": "AES256",
            "source": "/home/youssef/serverless_application/index.html",
            "source_hash": null,
            "storage_class": "STANDARD",
            "tags": null,
            "tags_all": {},
            "version_id": "",
            "website_redirect": ""
          },
          "sensitive_attributes": [],
          "private": "bnVsbA==",
          "dependencies": [
            "module.s3_Module.aws_s3_bucket.this"
          ]
        }
      ]
    },
    {
      "module": "module.s3_Module",
      "mode": "managed",
      "type": "aws_s3_bucket_object",
      "name": "scripts",
      "provider": "provider[\"registry.terraform.io/hashicorp/aws\"]",
      "instances": [
        {
          "schema_version": 0,
          "attributes": {
            "acl": "private",
            "arn": "arn:aws:s3:::bucket138/scripts.js",
            "bucket": "bucket138",
            "bucket_key_enabled": false,
            "cache_control": "",
            "content": null,
            "content_base64": null,
            "content_disposition": "",
            "content_encoding": "",
            "content_language": "",
            "content_type": "text/javascript",
            "etag": "345e56badbfc634d855ce01e55c9cb42",
            "force_destroy": false,
            "id": "scripts.js",
            "key": "scripts.js",
            "kms_key_id": null,
            "metadata": null,
            "object_lock_legal_hold_status": "",
            "object_lock_mode": "",
            "object_lock_retain_until_date": "",
            "server_side_encryption": "AES256",
            "source": "/home/youssef/serverless_application/scripts.js",
            "source_hash": null,
            "storage_class": "STANDARD",
            "tags": null,
            "tags_all": {},
            "version_id": "",
            "website_redirect": ""
          },
          "sensitive_attributes": [],
          "private": "bnVsbA==",
          "dependencies": [
            "module.s3_Module.aws_s3_bucket.this"
          ]
        }
      ]
    }
  ],
  "check_results": null
}
